
Microsoft Visual Studio Solution File, Format Version 12.00
# Visual Studio Version 17
VisualStudioVersion = 17.11.35327.3
MinimumVisualStudioVersion = 10.0.40219.1
Project("{8BC9CEB8-8B4A-11D0-8D11-00A0C91BC942}") = "projekt", "projekt\projekt.vcxproj", "{35ACC46F-2FB4-4E5B-B3DF-554F0A6067E7}"
EndProject
Global
	GlobalSection(SolutionConfigurationPlatforms) = preSolution
		Debug|x64 = Debug|x64
		Debug|x86 = Debug|x86
		Release|x64 = Release|x64
		Release|x86 = Release|x86
	EndGlobalSection
	GlobalSection(ProjectConfigurationPlatforms) = postSolution
		{35ACC46F-2FB4-4E5B-B3DF-554F0A6067E7}.Debug|x64.ActiveCfg = Debug|x64
		{35ACC46F-2FB4-4E5B-B3DF-554F0A6067E7}.Debug|x64.Build.0 = Debug|x64
		{35ACC46F-2FB4-4E5B-B3DF-554F0A6067E7}.Debug|x86.ActiveCfg = Debug|Win32
		{35ACC46F-2FB4-4E5B-B3DF-554F0A6067E7}.Debug|x86.Build.0 = Debug|Win32
		{35ACC46F-2FB4-4E5B-B3DF-554F0A6067E7}.Release|x64.ActiveCfg = Release|x64
		{35ACC46F-2FB4-4E5B-B3DF-554F0A6067E7}.Release|x64.Build.0 = Release|x64
		{35ACC46F-2FB4-4E5B-B3DF-554F0A6067E7}.Release|x86.ActiveCfg = Release|Win32
		{35ACC46F-2FB4-4E5B-B3DF-554F0A6067E7}.Release|x86.Build.0 = Release|Win32
	EndGlobalSection
	GlobalSection(SolutionProperties) = preSolution
		HideSolutionNode = FALSE
	EndGlobalSection
	GlobalSection(ExtensibilityGlobals) = postSolution
		SolutionGuid = {3C3AE760-0C3F-4DD1-95EE-29D70F13A46B}
	EndGlobalSection
EndGlobal
